
Microsoft Visual Studio Solution File, Format Version 12.00
# Visual Studio Version 17
VisualStudioVersion = 17.13.35931.197 d17.13
MinimumVisualStudioVersion = 10.0.40219.1
Project("{FAE04EC0-301F-11D3-BF4B-00C04F79EFBC}") = "Product Management", "Product Management.csproj", "{50C17B4B-86AB-49B9-9350-9D190C82182A}"
EndProject
Global
	GlobalSection(SolutionConfigurationPlatforms) = preSolution
		Debug|Any CPU = Debug|Any CPU
		Release|Any CPU = Release|Any CPU
	EndGlobalSection
	GlobalSection(ProjectConfigurationPlatforms) = postSolution
		{50C17B4B-86AB-49B9-9350-9D190C82182A}.Debug|Any CPU.ActiveCfg = Debug|Any CPU
		{50C17B4B-86AB-49B9-9350-9D190C82182A}.Debug|Any CPU.Build.0 = Debug|Any CPU
		{50C17B4B-86AB-49B9-9350-9D190C82182A}.Release|Any CPU.ActiveCfg = Release|Any CPU
		{50C17B4B-86AB-49B9-9350-9D190C82182A}.Release|Any CPU.Build.0 = Release|Any CPU
	EndGlobalSection
	GlobalSection(SolutionProperties) = preSolution
		HideSolutionNode = FALSE
	EndGlobalSection
	GlobalSection(ExtensibilityGlobals) = postSolution
		SolutionGuid = {0F154581-0B29-4F2D-8F99-C38FF9CB15B7}
	EndGlobalSection
EndGlobal
